
Microsoft Visual Studio Solution File, Format Version 12.00
# Visual Studio Version 17
VisualStudioVersion = 17.2.32616.157
MinimumVisualStudioVersion = 10.0.40219.1
Project("{888888A0-9F3D-457C-B088-3A5042F75D52}") = "Hello Python", "Hello Python\Hello Python.pyproj", "{89EE6EBC-9501-465B-BF03-863DFDE34156}"
EndProject
Global
	GlobalSection(SolutionConfigurationPlatforms) = preSolution
		Debug|Any CPU = Debug|Any CPU
		Release|Any CPU = Release|Any CPU
	EndGlobalSection
	GlobalSection(ProjectConfigurationPlatforms) = postSolution
		{89EE6EBC-9501-465B-BF03-863DFDE34156}.Debug|Any CPU.ActiveCfg = Debug|Any CPU
		{89EE6EBC-9501-465B-BF03-863DFDE34156}.Debug|Any CPU.Build.0 = Debug|Any CPU
		{89EE6EBC-9501-465B-BF03-863DFDE34156}.Release|Any CPU.ActiveCfg = Release|Any CPU
		{89EE6EBC-9501-465B-BF03-863DFDE34156}.Release|Any CPU.Build.0 = Release|Any CPU
	EndGlobalSection
	GlobalSection(SolutionProperties) = preSolution
		HideSolutionNode = FALSE
	EndGlobalSection
	GlobalSection(ExtensibilityGlobals) = postSolution
		SolutionGuid = {778D1869-F6FD-4B70-80F1-EC55C2DAE359}
	EndGlobalSection
EndGlobal
